
Microsoft Visual Studio Solution File, Format Version 12.00
# Visual Studio Version 18
VisualStudioVersion = 18.0.11205.157
MinimumVisualStudioVersion = 10.0.40219.1
Project("{FAE04EC0-301F-11D3-BF4B-00C04F79EFBC}") = "Mandatory2DGameFramework", "Mandatory2DGameFramework\Mandatory2DGameFramework.csproj", "{91FF87E0-556E-4F16-A9A9-3A94619ED3EE}"
EndProject
Project("{FAE04EC0-301F-11D3-BF4B-00C04F79EFBC}") = "GameFrameworkConsoleApp", "GameFrameworkConsoleApp\GameFrameworkConsoleApp.csproj", "{8A5AA71C-6DA8-4CB5-BED2-01040180C768}"
EndProject
Global
	GlobalSection(SolutionConfigurationPlatforms) = preSolution
		Debug|Any CPU = Debug|Any CPU
		Release|Any CPU = Release|Any CPU
	EndGlobalSection
	GlobalSection(ProjectConfigurationPlatforms) = postSolution
		{91FF87E0-556E-4F16-A9A9-3A94619ED3EE}.Debug|Any CPU.ActiveCfg = Debug|Any CPU
		{91FF87E0-556E-4F16-A9A9-3A94619ED3EE}.Debug|Any CPU.Build.0 = Debug|Any CPU
		{91FF87E0-556E-4F16-A9A9-3A94619ED3EE}.Release|Any CPU.ActiveCfg = Release|Any CPU
		{91FF87E0-556E-4F16-A9A9-3A94619ED3EE}.Release|Any CPU.Build.0 = Release|Any CPU
		{8A5AA71C-6DA8-4CB5-BED2-01040180C768}.Debug|Any CPU.ActiveCfg = Debug|Any CPU
		{8A5AA71C-6DA8-4CB5-BED2-01040180C768}.Debug|Any CPU.Build.0 = Debug|Any CPU
		{8A5AA71C-6DA8-4CB5-BED2-01040180C768}.Release|Any CPU.ActiveCfg = Release|Any CPU
		{8A5AA71C-6DA8-4CB5-BED2-01040180C768}.Release|Any CPU.Build.0 = Release|Any CPU
	EndGlobalSection
	GlobalSection(SolutionProperties) = preSolution
		HideSolutionNode = FALSE
	EndGlobalSection
	GlobalSection(ExtensibilityGlobals) = postSolution
		SolutionGuid = {3E25B11E-70B0-447D-AA0E-A8FB03B0C65B}
	EndGlobalSection
EndGlobal
